// !$*UTF8*$!
{
	archiveVersion = 1;
	classes = {
	};
	objectVersion = 56;
	objects = {

/* Begin PBXBuildFile section */
		d1483631a28a3c979e2d2c6b /* WheelPrototypeApp.swift in Sources */ = {isa = PBXBuildFile; fileRef = c5dd9a0cdf71ed3179eb4908 /* WheelPrototypeApp.swift */; };
		c78dc739b0d49f22b0dbd0b6 /* ContentView.swift in Sources */ = {isa = PBXBuildFile; fileRef = 6613ce866f644657b5b7abd4 /* ContentView.swift */; };
		b1ecf19c2b634b6c9d221144 /* MemoryCard.swift in Sources */ = {isa = PBXBuildFile; fileRef = a1ecf19c2b634b6c9d112233 /* MemoryCard.swift */; };
		1d6ec3ad053d4b4d49bf3b9d /* WheelViewModel.swift in Sources */ = {isa = PBXBuildFile; fileRef = 2573c110b5efb15b1d5c9364 /* WheelViewModel.swift */; };
		15331f93d3a658c2a98e2070 /* WheelView.swift in Sources */ = {isa = PBXBuildFile; fileRef = 8da96ba1414be5bca7b7175f /* WheelView.swift */; };
/* End PBXBuildFile section */

/* Begin PBXFileReference section */
		d1c1d6d9e04fcc01dfaa1eff /* WheelPrototype.app */ = {isa = PBXFileReference; explicitFileType = wrapper.application; includeInIndex = 0; path = WheelPrototype.app; sourceTree = BUILT_PRODUCTS_DIR; };
		c5dd9a0cdf71ed3179eb4908 /* WheelPrototypeApp.swift */ = {isa = PBXFileReference; lastKnownFileType = sourcecode.swift; path = WheelPrototypeApp.swift; sourceTree = "<group>"; };
		6613ce866f644657b5b7abd4 /* ContentView.swift */ = {isa = PBXFileReference; lastKnownFileType = sourcecode.swift; path = ContentView.swift; sourceTree = "<group>"; };
		a1ecf19c2b634b6c9d112233 /* MemoryCard.swift */ = {isa = PBXFileReference; lastKnownFileType = sourcecode.swift; path = MemoryCard.swift; sourceTree = "<group>"; };
		2573c110b5efb15b1d5c9364 /* WheelViewModel.swift */ = {isa = PBXFileReference; lastKnownFileType = sourcecode.swift; path = WheelViewModel.swift; sourceTree = "<group>"; };
		8da96ba1414be5bca7b7175f /* WheelView.swift */ = {isa = PBXFileReference; lastKnownFileType = sourcecode.swift; path = WheelView.swift; sourceTree = "<group>"; };
/* End PBXFileReference section */

/* Begin PBXFrameworksBuildPhase section */
		049bc2d4ebdcbc231e74b6cb /* Frameworks */ = {
			isa = PBXFrameworksBuildPhase;
			buildActionMask = 2147483647;
			files = (
			);
			runOnlyForDeploymentPostprocessing = 0;
		};
/* End PBXFrameworksBuildPhase section */

/* Begin PBXGroup section */
		89662f03de91e0a588018567 = {
			isa = PBXGroup;
			children = (
				d6d7bf5690fa5ba14bc53e28 /* App */,
				06d5b45bc887d5d8445fa7da /* src */,
				8f158829c248612013f9739b /* Products */,
			);
			sourceTree = "<group>";
		};
		d6d7bf5690fa5ba14bc53e28 /* App */ = {
			isa = PBXGroup;
			children = (
				c5dd9a0cdf71ed3179eb4908 /* WheelPrototypeApp.swift */,
				6613ce866f644657b5b7abd4 /* ContentView.swift */,
			);
			path = App;
			sourceTree = "<group>";
		};
		06d5b45bc887d5d8445fa7da /* src */ = {
			isa = PBXGroup;
			children = (
				40c0b70d4ea0b6885c24736b /* Models */,
				643eefa7119ce55ae6d2331e /* ViewModels */,
				f9c88774a1167189b87dbe86 /* Views */,
			);
			path = src;
			sourceTree = "<group>";
		};
		40c0b70d4ea0b6885c24736b /* Models */ = {
			isa = PBXGroup;
			children = (
				a1ecf19c2b634b6c9d112233 /* MemoryCard.swift */,
			);
			path = Models;
			sourceTree = "<group>";
		};
		643eefa7119ce55ae6d2331e /* ViewModels */ = {
			isa = PBXGroup;
			children = (
				2573c110b5efb15b1d5c9364 /* WheelViewModel.swift */,
			);
			path = ViewModels;
			sourceTree = "<group>";
		};
		f9c88774a1167189b87dbe86 /* Views */ = {
			isa = PBXGroup;
			children = (
				8da96ba1414be5bca7b7175f /* WheelView.swift */,
			);
			path = Views;
			sourceTree = "<group>";
		};
		8f158829c248612013f9739b /* Products */ = {
			isa = PBXGroup;
			children = (
				d1c1d6d9e04fcc01dfaa1eff /* WheelPrototype.app */,
			);
			name = Products;
			sourceTree = "<group>";
		};
/* End PBXGroup section */

/* Begin PBXNativeTarget section */
		52bc02b1064e4dfc4eb3e59f /* WheelPrototype */ = {
			isa = PBXNativeTarget;
			buildConfigurationList = 68457073a94768a93d22eab8 /* Build configuration list for PBXNativeTarget "WheelPrototype" */;
			buildPhases = (
				a726ae68a686a8b491f55233 /* Sources */,
				049bc2d4ebdcbc231e74b6cb /* Frameworks */,
				e5ac9f463ef9119ac67d7887 /* Resources */,
			);
			buildRules = (
			);
			dependencies = (
			);
			name = WheelPrototype;
			productName = WheelPrototype;
			productReference = d1c1d6d9e04fcc01dfaa1eff /* WheelPrototype.app */;
			productType = "com.apple.product-type.application";
		};
/* End PBXNativeTarget section */

/* Begin PBXProject section */
		3fc76ce67d1cfef315802ff5 /* Project object */ = {
			isa = PBXProject;
			attributes = {
				BuildIndependentTargetsInParallel = 1;
				LastSwiftUpdateCheck = 1540;
				LastUpgradeCheck = 1540;
				TargetAttributes = {
					52bc02b1064e4dfc4eb3e59f = {
						CreatedOnToolsVersion = 15.4;
					};
				};
			};
			buildConfigurationList = f226f35e4bb88e6610d69cd0 /* Build configuration list for PBXProject "WheelPrototype" */;
			compatibilityVersion = "Xcode 14.0";
			developmentRegion = en;
			hasScannedForEncodings = 0;
			knownRegions = (
				en,
				Base,
			);
			mainGroup = 89662f03de91e0a588018567;
			productRefGroup = 8f158829c248612013f9739b /* Products */;
			projectDirPath = "";
			projectRoot = "";
			targets = (
				52bc02b1064e4dfc4eb3e59f /* WheelPrototype */,
			);
		};
/* End PBXProject section */

/* Begin PBXResourcesBuildPhase section */
		e5ac9f463ef9119ac67d7887 /* Resources */ = {
			isa = PBXResourcesBuildPhase;
			buildActionMask = 2147483647;
			files = (
			);
			runOnlyForDeploymentPostprocessing = 0;
		};
/* End PBXResourcesBuildPhase section */

/* Begin PBXSourcesBuildPhase section */
		a726ae68a686a8b491f55233 /* Sources */ = {
			isa = PBXSourcesBuildPhase;
			buildActionMask = 2147483647;
			files = (
				d1483631a28a3c979e2d2c6b /* WheelPrototypeApp.swift in Sources */,
				c78dc739b0d49f22b0dbd0b6 /* ContentView.swift in Sources */,
				b1ecf19c2b634b6c9d221144 /* MemoryCard.swift in Sources */,
				1d6ec3ad053d4b4d49bf3b9d /* WheelViewModel.swift in Sources */,
				15331f93d3a658c2a98e2070 /* WheelView.swift in Sources */,
			);
			runOnlyForDeploymentPostprocessing = 0;
		};
/* End PBXSourcesBuildPhase section */

/* Begin XCBuildConfiguration section */
		9f65697e4b5c6837b1914f38 /* Debug */ = {
			isa = XCBuildConfiguration;
			buildSettings = {
				CLANG_ANALYZER_NONNULL = YES;
				CLANG_ANALYZER_NUMBER_OBJECT_CONVERSION = YES_AGGRESSIVE;
				CLANG_CXX_LANGUAGE_STANDARD = "gnu++20";
				CLANG_ENABLE_MODULES = YES;
				CLANG_ENABLE_OBJC_ARC = YES;
				CLANG_ENABLE_OBJC_WEAK = YES;
				CLANG_WARN_BLOCK_CAPTURE_AUTORELEASING = YES;
				CLANG_WARN_BOOL_CONVERSION = YES;
				CLANG_WARN_COMMA = YES;
				CLANG_WARN_CONSTANT_CONVERSION = YES;
				CLANG_WARN_DEPRECATED_OBJC_IMPLEMENTATIONS = YES;
				CLANG_WARN_DIRECT_OBJC_ISA_USAGE = YES_ERROR;
				CLANG_WARN_DOCUMENTATION_COMMENTS = YES;
				CLANG_WARN_EMPTY_BODY = YES;
				CLANG_WARN_ENUM_CONVERSION = YES;
				CLANG_WARN_INFINITE_RECURSION = YES;
				CLANG_WARN_INT_CONVERSION = YES;
				CLANG_WARN_NON_LITERAL_NULL_CONVERSION = YES;
				CLANG_WARN_OBJC_IMPLICIT_RETAIN_SELF = YES;
				CLANG_WARN_OBJC_LITERAL_CONVERSION = YES;
				CLANG_WARN_QUOTED_INCLUDE_IN_FRAMEWORK_HEADER = YES;
				CLANG_WARN_RANGE_LOOP_ANALYSIS = YES;
				CLANG_WARN_STRICT_PROTOTYPES = YES;
				CLANG_WARN_SUSPICIOUS_MOVE = YES;
				CLANG_WARN_UNGUARDED_AVAILABILITY = YES_AGGRESSIVE;
				COPY_PHASE_STRIP = NO;
				DEBUG_INFORMATION_FORMAT = dwarf;
				ENABLE_STRICT_OBJC_MSGSEND = YES;
				ENABLE_TESTABILITY = YES;
				GCC_C_LANGUAGE_STANDARD = gnu17;
				GCC_DYNAMIC_NO_PIC = NO;
				GCC_NO_COMMON_BLOCKS = YES;
				GCC_OPTIMIZATION_LEVEL = 0;
				GCC_PREPROCESSOR_DEFINITIONS = (
					"DEBUG=1",
					"$(inherited)",
				);
				GCC_WARN_64_TO_32_BIT_CONVERSION = YES;
				GCC_WARN_ABOUT_RETURN_TYPE = YES_ERROR;
				GCC_WARN_UNDECLARED_SELECTOR = YES;
				GCC_WARN_UNINITIALIZED_AUTOS = YES_AGGRESSIVE;
				GCC_WARN_UNUSED_FUNCTION = YES;
				GCC_WARN_UNUSED_VARIABLE = YES;
				IPHONEOS_DEPLOYMENT_TARGET = 16.0;
				MTL_ENABLE_DEBUG_INFO = INCLUDE_SOURCE;
				ONLY_ACTIVE_ARCH = YES;
				SDKROOT = iphoneos;
				SWIFT_ACTIVE_COMPILATION_CONDITIONS = DEBUG;
				SWIFT_OPTIMIZATION_LEVEL = "-Onone";
			};
			name = Debug;
		};
		4cb1bbaacc9ae7b42b90307e /* Release */ = {
			isa = XCBuildConfiguration;
			buildSettings = {
				CLANG_ANALYZER_NONNULL = YES;
				CLANG_ANALYZER_NUMBER_OBJECT_CONVERSION = YES_AGGRESSIVE;
				CLANG_CXX_LANGUAGE_STANDARD = "gnu++20";
				CLANG_ENABLE_MODULES = YES;
				CLANG_ENABLE_OBJC_ARC = YES;
				CLANG_ENABLE_OBJC_WEAK = YES;
				CLANG_WARN_BLOCK_CAPTURE_AUTORELEASING = YES;
				CLANG_WARN_BOOL_CONVERSION = YES;
				CLANG_WARN_COMMA = YES;
				CLANG_WARN_CONSTANT_CONVERSION = YES;
				CLANG_WARN_DEPRECATED_OBJC_IMPLEMENTATIONS = YES;
				CLANG_WARN_DIRECT_OBJC_ISA_USAGE = YES_ERROR;
				CLANG_WARN_DOCUMENTATION_COMMENTS = YES;
				CLANG_WARN_EMPTY_BODY = YES;
				CLANG_WARN_ENUM_CONVERSION = YES;
				CLANG_WARN_INFINITE_RECURSION = YES;
				CLANG_WARN_INT_CONVERSION = YES;
				CLANG_WARN_NON_LITERAL_NULL_CONVERSION = YES;
				CLANG_WARN_OBJC_IMPLICIT_RETAIN_SELF = YES;
				CLANG_WARN_OBJC_LITERAL_CONVERSION = YES;
				CLANG_WARN_QUOTED_INCLUDE_IN_FRAMEWORK_HEADER = YES;
				CLANG_WARN_RANGE_LOOP_ANALYSIS = YES;
				CLANG_WARN_STRICT_PROTOTYPES = YES;
				CLANG_WARN_SUSPICIOUS_MOVE = YES;
				CLANG_WARN_UNGUARDED_AVAILABILITY = YES_AGGRESSIVE;
				COPY_PHASE_STRIP = NO;
				DEBUG_INFORMATION_FORMAT = "dwarf-with-dsym";
				ENABLE_NS_ASSERTIONS = NO;
				ENABLE_STRICT_OBJC_MSGSEND = YES;
				GCC_C_LANGUAGE_STANDARD = gnu17;
				GCC_NO_COMMON_BLOCKS = YES;
				GCC_WARN_64_TO_32_BIT_CONVERSION = YES;
				GCC_WARN_ABOUT_RETURN_TYPE = YES_ERROR;
				GCC_WARN_UNDECLARED_SELECTOR = YES;
				GCC_WARN_UNINITIALIZED_AUTOS = YES_AGGRESSIVE;
				GCC_WARN_UNUSED_FUNCTION = YES;
				GCC_WARN_UNUSED_VARIABLE = YES;
				IPHONEOS_DEPLOYMENT_TARGET = 16.0;
				MTL_ENABLE_DEBUG_INFO = NO;
				SDKROOT = iphoneos;
				SWIFT_COMPILATION_MODE = wholemodule;
				SWIFT_OPTIMIZATION_LEVEL = "-O";
				VALIDATE_PRODUCT = YES;
			};
			name = Release;
		};
		6f21eac082705874062924b5 /* Debug */ = {
			isa = XCBuildConfiguration;
			buildSettings = {
				CODE_SIGN_STYLE = Automatic;
				CURRENT_PROJECT_VERSION = 1;
				DEVELOPMENT_TEAM = "";
				ENABLE_PREVIEWS = NO;
				GENERATE_INFOPLIST_FILE = YES;
				INFOPLIST_KEY_CFBundleDisplayName = WheelPrototype;
				INFOPLIST_KEY_UIApplicationSupportsIndirectInputEvents = YES;
				INFOPLIST_KEY_UILaunchScreen_Generation = YES;
				INFOPLIST_KEY_UISupportedInterfaceOrientations_iPad = "UIInterfaceOrientationPortrait UIInterfaceOrientationPortraitUpsideDown UIInterfaceOrientationLandscapeLeft UIInterfaceOrientationLandscapeRight";
				INFOPLIST_KEY_UISupportedInterfaceOrientations_iPhone = "UIInterfaceOrientationPortrait UIInterfaceOrientationLandscapeLeft UIInterfaceOrientationLandscapeRight";
				LD_RUNPATH_SEARCH_PATHS = (
					"$(inherited)",
					"@executable_path/Frameworks",
				);
				MARKETING_VERSION = 1.0;
				PRODUCT_BUNDLE_IDENTIFIER = dev.wheelprototype.app;
				PRODUCT_NAME = "$(TARGET_NAME)";
				SUPPORTED_PLATFORMS = "iphoneos iphonesimulator";
				SUPPORTS_MACCATALYST = NO;
				SUPPORTS_MAC_DESIGNED_FOR_IPHONE_IPAD = NO;
				SWIFT_EMIT_LOC_STRINGS = NO;
				SWIFT_VERSION = 5.0;
				TARGETED_DEVICE_FAMILY = "1,2";
			};
			name = Debug;
		};
		82f7655accb0052b3d37e90e /* Release */ = {
			isa = XCBuildConfiguration;
			buildSettings = {
				CODE_SIGN_STYLE = Automatic;
				CURRENT_PROJECT_VERSION = 1;
				DEVELOPMENT_TEAM = "";
				ENABLE_PREVIEWS = NO;
				GENERATE_INFOPLIST_FILE = YES;
				INFOPLIST_KEY_CFBundleDisplayName = WheelPrototype;
				INFOPLIST_KEY_UIApplicationSupportsIndirectInputEvents = YES;
				INFOPLIST_KEY_UILaunchScreen_Generation = YES;
				INFOPLIST_KEY_UISupportedInterfaceOrientations_iPad = "UIInterfaceOrientationPortrait UIInterfaceOrientationPortraitUpsideDown UIInterfaceOrientationLandscapeLeft UIInterfaceOrientationLandscapeRight";
				INFOPLIST_KEY_UISupportedInterfaceOrientations_iPhone = "UIInterfaceOrientationPortrait UIInterfaceOrientationLandscapeLeft UIInterfaceOrientationLandscapeRight";
				LD_RUNPATH_SEARCH_PATHS = (
					"$(inherited)",
					"@executable_path/Frameworks",
				);
				MARKETING_VERSION = 1.0;
				PRODUCT_BUNDLE_IDENTIFIER = dev.wheelprototype.app;
				PRODUCT_NAME = "$(TARGET_NAME)";
				SUPPORTED_PLATFORMS = "iphoneos iphonesimulator";
				SUPPORTS_MACCATALYST = NO;
				SUPPORTS_MAC_DESIGNED_FOR_IPHONE_IPAD = NO;
				SWIFT_EMIT_LOC_STRINGS = NO;
				SWIFT_VERSION = 5.0;
				TARGETED_DEVICE_FAMILY = "1,2";
			};
			name = Release;
		};
/* End XCBuildConfiguration section */

/* Begin XCConfigurationList section */
		f226f35e4bb88e6610d69cd0 /* Build configuration list for PBXProject "WheelPrototype" */ = {
			isa = XCConfigurationList;
			buildConfigurations = (
				9f65697e4b5c6837b1914f38 /* Debug */,
				4cb1bbaacc9ae7b42b90307e /* Release */,
			);
			defaultConfigurationIsVisible = 0;
			defaultConfigurationName = Release;
		};
		68457073a94768a93d22eab8 /* Build configuration list for PBXNativeTarget "WheelPrototype" */ = {
			isa = XCConfigurationList;
			buildConfigurations = (
				6f21eac082705874062924b5 /* Debug */,
				82f7655accb0052b3d37e90e /* Release */,
			);
			defaultConfigurationIsVisible = 0;
			defaultConfigurationName = Release;
		};
/* End XCConfigurationList section */

	};
	rootObject = 3fc76ce67d1cfef315802ff5 /* Project object */;
}
